
Microsoft Visual Studio Solution File, Format Version 12.00
# Visual Studio Version 16
VisualStudioVersion = 16.0.34031.81
MinimumVisualStudioVersion = 10.0.40219.1
Project("{FAE04EC0-301F-11D3-BF4B-00C04F79EFBC}") = "ConsoleApp15", "ConsoleApp15\ConsoleApp15.csproj", "{919A0AFD-6AD7-4726-9501-9B56975F9D2B}"
EndProject
Global
	GlobalSection(SolutionConfigurationPlatforms) = preSolution
		Debug|Any CPU = Debug|Any CPU
		Release|Any CPU = Release|Any CPU
	EndGlobalSection
	GlobalSection(ProjectConfigurationPlatforms) = postSolution
		{919A0AFD-6AD7-4726-9501-9B56975F9D2B}.Debug|Any CPU.ActiveCfg = Debug|Any CPU
		{919A0AFD-6AD7-4726-9501-9B56975F9D2B}.Debug|Any CPU.Build.0 = Debug|Any CPU
		{919A0AFD-6AD7-4726-9501-9B56975F9D2B}.Release|Any CPU.ActiveCfg = Release|Any CPU
		{919A0AFD-6AD7-4726-9501-9B56975F9D2B}.Release|Any CPU.Build.0 = Release|Any CPU
	EndGlobalSection
	GlobalSection(SolutionProperties) = preSolution
		HideSolutionNode = FALSE
	EndGlobalSection
	GlobalSection(ExtensibilityGlobals) = postSolution
		SolutionGuid = {7215B236-C9D3-4DDC-992B-1C386A4BE36B}
	EndGlobalSection
EndGlobal
